{
  "version": "5",
  "specifiers": {
    "jsr:@hono/hono@^4.13.12": "4.13.12"
  },
  "jsr": {
    "@hono/hono@4.13.12": {
      "integrity": "ed4bff8999f8d472866e47ad29ff879388f7f401b2d6e2e656ff3083afc13a13"
    }
  },
  "workspace": {
    "dependencies": [
      "jsr:@hono/hono@^4.13.12"
    ]
  }
}
